PODS:
  - Alamofire (4.8.2)
  - NVActivityIndicatorView (4.7.0):
    - NVActivityIndicatorView/Presenter (= 4.7.0)
  - NVActivityIndicatorView/Presenter (4.7.0)
  - Rabbit-Swift (0.1.6)
  - SDWebImage (5.1.0):
    - SDWebImage/Core (= 5.1.0)
  - SDWebImage/Core (5.1.0)

DEPENDENCIES:
  - Alamofire
  - NVActivityIndicatorView
  - Rabbit-Swift
  - SDWebImage

SPEC REPOS:
  https://github.com/cocoapods/specs.git:
    - Alamofire
    - NVActivityIndicatorView
    - Rabbit-Swift
    - SDWebImage

SPEC CHECKSUMS:
  Alamofire: ae5c501addb7afdbb13687d7f2f722c78734c2d3
  NVActivityIndicatorView: b19ddab2576f805cbe0fb2306cba3476e09a1dea
  Rabbit-Swift: a8f88f3d87ff2e60cad83a86f9e5c55620b2d742
  SDWebImage: fb387001955223213dde14bc08c8b73f371f8d8f

PODFILE CHECKSUM: 143e30f448752fe56df982cc24f8b5632e5cc643

COCOAPODS: 1.7.5
